{
  "requires": true,
  "lockfileVersion": 1,
  "dependencies": {
    "bootstrap-print-css": {
      "version": "1.0.1",
      "resolved": "https://registry.npmjs.org/bootstrap-print-css/-/bootstrap-print-css-1.0.1.tgz",
      "integrity": "sha512-I73Cw87BaxCccTjo3qEbvn7KRb55msMxTuT7mpkAAY4Obq8iG9xCybdxnJqq+RrykLD79O3092AiJwaKiEex7w=="
    }
  }
}
